
Microsoft Visual Studio Solution File, Format Version 12.00
# Visual Studio Version 17
VisualStudioVersion = 17.2.32616.157
MinimumVisualStudioVersion = 10.0.40219.1
Project("{FAE04EC0-301F-11D3-BF4B-00C04F79EFBC}") = "PublicationSearch", "PublicationSearch.csproj", "{214AFC9A-B9C1-4837-916D-9568FF55E1FB}"
EndProject
Project("{FAE04EC0-301F-11D3-BF4B-00C04F79EFBC}") = "PublicationSearch.Services", "..\PublicationSearch.Services\PublicationSearch.Services.csproj", "{CDAC9B7F-8F95-48D7-B7AC-B84E791AE756}"
EndProject
Project("{FAE04EC0-301F-11D3-BF4B-00C04F79EFBC}") = "PublicationSearch.Tests", "..\PublicationSearch.Tests\PublicationSearch.Tests.csproj", "{23EC2EA1-1E54-4462-811B-1B675F0D18A6}"
EndProject
Global
	GlobalSection(SolutionConfigurationPlatforms) = preSolution
		Debug|Any CPU = Debug|Any CPU
		Release|Any CPU = Release|Any CPU
	EndGlobalSection
	GlobalSection(ProjectConfigurationPlatforms) = postSolution
		{214AFC9A-B9C1-4837-916D-9568FF55E1FB}.Debug|Any CPU.ActiveCfg = Debug|Any CPU
		{214AFC9A-B9C1-4837-916D-9568FF55E1FB}.Debug|Any CPU.Build.0 = Debug|Any CPU
		{214AFC9A-B9C1-4837-916D-9568FF55E1FB}.Release|Any CPU.ActiveCfg = Release|Any CPU
		{214AFC9A-B9C1-4837-916D-9568FF55E1FB}.Release|Any CPU.Build.0 = Release|Any CPU
		{CDAC9B7F-8F95-48D7-B7AC-B84E791AE756}.Debug|Any CPU.ActiveCfg = Debug|Any CPU
		{CDAC9B7F-8F95-48D7-B7AC-B84E791AE756}.Debug|Any CPU.Build.0 = Debug|Any CPU
		{CDAC9B7F-8F95-48D7-B7AC-B84E791AE756}.Release|Any CPU.ActiveCfg = Release|Any CPU
		{CDAC9B7F-8F95-48D7-B7AC-B84E791AE756}.Release|Any CPU.Build.0 = Release|Any CPU
		{23EC2EA1-1E54-4462-811B-1B675F0D18A6}.Debug|Any CPU.ActiveCfg = Debug|Any CPU
		{23EC2EA1-1E54-4462-811B-1B675F0D18A6}.Debug|Any CPU.Build.0 = Debug|Any CPU
		{23EC2EA1-1E54-4462-811B-1B675F0D18A6}.Release|Any CPU.ActiveCfg = Release|Any CPU
		{23EC2EA1-1E54-4462-811B-1B675F0D18A6}.Release|Any CPU.Build.0 = Release|Any CPU
	EndGlobalSection
	GlobalSection(SolutionProperties) = preSolution
		HideSolutionNode = FALSE
	EndGlobalSection
	GlobalSection(ExtensibilityGlobals) = postSolution
		SolutionGuid = {C5CF8B26-7816-456C-B94F-030C540BB639}
	EndGlobalSection
EndGlobal
